// !$*UTF8*$!
{
	archiveVersion = 1;
	classes = {
	};
	objectVersion = 77;
	objects = {

/* Begin PBXBuildFile section */
		A486DA6F2CD8D24500BA6505 /* OpenGL.framework in Frameworks */ = {isa = PBXBuildFile; fileRef = A486DA6E2CD8D24500BA6505 /* OpenGL.framework */; };
		A486DA712CD8D24D00BA6505 /* IOKit.framework in Frameworks */ = {isa = PBXBuildFile; fileRef = A486DA702CD8D24D00BA6505 /* IOKit.framework */; };
		A486DA732CD8D25400BA6505 /* Cocoa.framework in Frameworks */ = {isa = PBXBuildFile; fileRef = A486DA722CD8D25400BA6505 /* Cocoa.framework */; };
		A486DA762CD8D28900BA6505 /* libraylib.a in Frameworks */ = {isa = PBXBuildFile; fileRef = A486DA742CD8D26800BA6505 /* libraylib.a */; };
/* End PBXBuildFile section */

/* Begin PBXCopyFilesBuildPhase section */
		A486DA612CD8CA6D00BA6505 /* CopyFiles */ = {
			isa = PBXCopyFilesBuildPhase;
			buildActionMask = 2147483647;
			dstPath = /usr/share/man/man1/;
			dstSubfolderSpec = 0;
			files = (
			);
			runOnlyForDeploymentPostprocessing = 1;
		};
/* End PBXCopyFilesBuildPhase section */

/* Begin PBXFileReference section */
		A486DA632CD8CA6D00BA6505 /* ObjectiveTerriFried */ = {isa = PBXFileReference; explicitFileType = "compiled.mach-o.executable"; includeInIndex = 0; path = ObjectiveTerriFried; sourceTree = BUILT_PRODUCTS_DIR; };
		A486DA6E2CD8D24500BA6505 /* OpenGL.framework */ = {isa = PBXFileReference; lastKnownFileType = wrapper.framework; name = OpenGL.framework; path = System/Library/Frameworks/OpenGL.framework; sourceTree = SDKROOT; };
		A486DA702CD8D24D00BA6505 /* IOKit.framework */ = {isa = PBXFileReference; lastKnownFileType = wrapper.framework; name = IOKit.framework; path = System/Library/Frameworks/IOKit.framework; sourceTree = SDKROOT; };
		A486DA722CD8D25400BA6505 /* Cocoa.framework */ = {isa = PBXFileReference; lastKnownFileType = wrapper.framework; name = Cocoa.framework; path = System/Library/Frameworks/Cocoa.framework; sourceTree = SDKROOT; };
		A486DA742CD8D26800BA6505 /* libraylib.a */ = {isa = PBXFileReference; lastKnownFileType = archive.ar; name = libraylib.a; path = ../raylib/src/libraylib.a; sourceTree = "<group>"; };
/* End PBXFileReference section */

/* Begin PBXFileSystemSynchronizedGroupBuildPhaseMembershipExceptionSet section */
		A436C24B2CD8E0A80065EF79 /* Exceptions for "ObjectiveTerriFried" folder in "Compile Sources" phase from "ObjectiveTerriFried" target */ = {
			isa = PBXFileSystemSynchronizedGroupBuildPhaseMembershipExceptionSet;
			buildPhase = A486DA5F2CD8CA6D00BA6505 /* Sources */;
			membershipExceptions = (
				engine/utility/include/Constants.hpp,
				engine/utility/include/utility.hpp,
			);
		};
/* End PBXFileSystemSynchronizedGroupBuildPhaseMembershipExceptionSet section */

/* Begin PBXFileSystemSynchronizedRootGroup section */
		A486DA652CD8CA6D00BA6505 /* ObjectiveTerriFried */ = {
			isa = PBXFileSystemSynchronizedRootGroup;
			exceptions = (
				A436C24B2CD8E0A80065EF79 /* Exceptions for "ObjectiveTerriFried" folder in "Compile Sources" phase from "ObjectiveTerriFried" target */,
			);
			explicitFileTypes = {
				engine/utility/include/utility.hpp = sourcecode.cpp.h;
			};
			path = ObjectiveTerriFried;
			sourceTree = "<group>";
		};
/* End PBXFileSystemSynchronizedRootGroup section */

/* Begin PBXFrameworksBuildPhase section */
		A486DA602CD8CA6D00BA6505 /* Frameworks */ = {
			isa = PBXFrameworksBuildPhase;
			buildActionMask = 2147483647;
			files = (
				A486DA762CD8D28900BA6505 /* libraylib.a in Frameworks */,
				A486DA732CD8D25400BA6505 /* Cocoa.framework in Frameworks */,
				A486DA712CD8D24D00BA6505 /* IOKit.framework in Frameworks */,
				A486DA6F2CD8D24500BA6505 /* OpenGL.framework in Frameworks */,
			);
			runOnlyForDeploymentPostprocessing = 0;
		};
/* End PBXFrameworksBuildPhase section */

/* Begin PBXGroup section */
		A486DA5A2CD8CA6D00BA6505 = {
			isa = PBXGroup;
			children = (
				A486DA652CD8CA6D00BA6505 /* ObjectiveTerriFried */,
				A486DA6D2CD8D24500BA6505 /* Frameworks */,
				A486DA642CD8CA6D00BA6505 /* Products */,
			);
			sourceTree = "<group>";
		};
		A486DA642CD8CA6D00BA6505 /* Products */ = {
			isa = PBXGroup;
			children = (
				A486DA632CD8CA6D00BA6505 /* ObjectiveTerriFried */,
			);
			name = Products;
			sourceTree = "<group>";
		};
		A486DA6D2CD8D24500BA6505 /* Frameworks */ = {
			isa = PBXGroup;
			children = (
				A486DA742CD8D26800BA6505 /* libraylib.a */,
				A486DA722CD8D25400BA6505 /* Cocoa.framework */,
				A486DA702CD8D24D00BA6505 /* IOKit.framework */,
				A486DA6E2CD8D24500BA6505 /* OpenGL.framework */,
			);
			name = Frameworks;
			sourceTree = "<group>";
		};
/* End PBXGroup section */

/* Begin PBXNativeTarget section */
		A486DA622CD8CA6D00BA6505 /* ObjectiveTerriFried */ = {
			isa = PBXNativeTarget;
			buildConfigurationList = A486DA6A2CD8CA6D00BA6505 /* Build configuration list for PBXNativeTarget "ObjectiveTerriFried" */;
			buildPhases = (
				A486DA5F2CD8CA6D00BA6505 /* Sources */,
				A486DA602CD8CA6D00BA6505 /* Frameworks */,
				A486DA612CD8CA6D00BA6505 /* CopyFiles */,
			);
			buildRules = (
			);
			dependencies = (
			);
			fileSystemSynchronizedGroups = (
				A486DA652CD8CA6D00BA6505 /* ObjectiveTerriFried */,
			);
			name = ObjectiveTerriFried;
			packageProductDependencies = (
			);
			productName = ObjectiveTerriFried;
			productReference = A486DA632CD8CA6D00BA6505 /* ObjectiveTerriFried */;
			productType = "com.apple.product-type.tool";
		};
/* End PBXNativeTarget section */

/* Begin PBXProject section */
		A486DA5B2CD8CA6D00BA6505 /* Project object */ = {
			isa = PBXProject;
			attributes = {
				BuildIndependentTargetsInParallel = 1;
				LastUpgradeCheck = 1610;
				TargetAttributes = {
					A486DA622CD8CA6D00BA6505 = {
						CreatedOnToolsVersion = 16.1;
						LastSwiftMigration = 1610;
					};
				};
			};
			buildConfigurationList = A486DA5E2CD8CA6D00BA6505 /* Build configuration list for PBXProject "ObjectiveTerriFried" */;
			developmentRegion = en;
			hasScannedForEncodings = 0;
			knownRegions = (
				en,
				Base,
			);
			mainGroup = A486DA5A2CD8CA6D00BA6505;
			minimizedProjectReferenceProxies = 1;
			preferredProjectObjectVersion = 77;
			productRefGroup = A486DA642CD8CA6D00BA6505 /* Products */;
			projectDirPath = "";
			projectRoot = "";
			targets = (
				A486DA622CD8CA6D00BA6505 /* ObjectiveTerriFried */,
			);
		};
/* End PBXProject section */

/* Begin PBXSourcesBuildPhase section */
		A486DA5F2CD8CA6D00BA6505 /* Sources */ = {
			isa = PBXSourcesBuildPhase;
			buildActionMask = 2147483647;
			files = (
			);
			runOnlyForDeploymentPostprocessing = 0;
		};
/* End PBXSourcesBuildPhase section */

/* Begin XCBuildConfiguration section */
		A486DA682CD8CA6D00BA6505 /* Debug */ = {
			isa = XCBuildConfiguration;
			buildSettings = {
				ALWAYS_SEARCH_USER_PATHS = NO;
				ASSETCATALOG_COMPILER_GENERATE_SWIFT_ASSET_SYMBOL_EXTENSIONS = YES;
				CLANG_ANALYZER_NONNULL = YES;
				CLANG_ANALYZER_NUMBER_OBJECT_CONVERSION = YES_AGGRESSIVE;
				CLANG_CXX_LANGUAGE_STANDARD = "c++23";
				CLANG_ENABLE_MODULES = YES;
				CLANG_ENABLE_OBJC_ARC = YES;
				CLANG_ENABLE_OBJC_WEAK = YES;
				CLANG_WARN_BLOCK_CAPTURE_AUTORELEASING = YES;
				CLANG_WARN_BOOL_CONVERSION = YES;
				CLANG_WARN_COMMA = YES;
				CLANG_WARN_CONSTANT_CONVERSION = YES;
				CLANG_WARN_CXX0X_EXTENSIONS = YES;
				CLANG_WARN_DEPRECATED_OBJC_IMPLEMENTATIONS = YES;
				CLANG_WARN_DIRECT_OBJC_ISA_USAGE = YES_ERROR;
				CLANG_WARN_DOCUMENTATION_COMMENTS = YES;
				CLANG_WARN_EMPTY_BODY = YES;
				CLANG_WARN_ENUM_CONVERSION = YES;
				CLANG_WARN_INFINITE_RECURSION = YES;
				CLANG_WARN_INT_CONVERSION = YES;
				CLANG_WARN_NON_LITERAL_NULL_CONVERSION = YES;
				CLANG_WARN_OBJC_IMPLICIT_RETAIN_SELF = YES;
				CLANG_WARN_OBJC_LITERAL_CONVERSION = YES;
				CLANG_WARN_OBJC_ROOT_CLASS = YES_ERROR;
				CLANG_WARN_QUOTED_INCLUDE_IN_FRAMEWORK_HEADER = YES;
				CLANG_WARN_RANGE_LOOP_ANALYSIS = YES;
				CLANG_WARN_STRICT_PROTOTYPES = YES;
				CLANG_WARN_SUSPICIOUS_MOVE = YES;
				CLANG_WARN_UNGUARDED_AVAILABILITY = YES_AGGRESSIVE;
				CLANG_WARN_UNREACHABLE_CODE = YES;
				CLANG_WARN__DUPLICATE_METHOD_MATCH = YES;
				COPY_PHASE_STRIP = NO;
				DEBUG_INFORMATION_FORMAT = dwarf;
				ENABLE_STRICT_OBJC_MSGSEND = YES;
				ENABLE_TESTABILITY = YES;
				ENABLE_USER_SCRIPT_SANDBOXING = YES;
				GCC_C_LANGUAGE_STANDARD = gnu17;
				GCC_DYNAMIC_NO_PIC = NO;
				GCC_NO_COMMON_BLOCKS = YES;
				GCC_OPTIMIZATION_LEVEL = 0;
				GCC_PREPROCESSOR_DEFINITIONS = (
					"DEBUG=1",
					"$(inherited)",
				);
				GCC_WARN_64_TO_32_BIT_CONVERSION = YES;
				GCC_WARN_ABOUT_RETURN_TYPE = YES_ERROR;
				GCC_WARN_UNDECLARED_SELECTOR = YES;
				GCC_WARN_UNINITIALIZED_AUTOS = YES_AGGRESSIVE;
				GCC_WARN_UNUSED_FUNCTION = YES;
				GCC_WARN_UNUSED_VARIABLE = YES;
				LOCALIZATION_PREFERS_STRING_CATALOGS = YES;
				MACOSX_DEPLOYMENT_TARGET = 15.0;
				MTL_ENABLE_DEBUG_INFO = INCLUDE_SOURCE;
				MTL_FAST_MATH = YES;
				ONLY_ACTIVE_ARCH = YES;
				SDKROOT = macosx;
			};
			name = Debug;
		};
		A486DA692CD8CA6D00BA6505 /* Release */ = {
			isa = XCBuildConfiguration;
			buildSettings = {
				ALWAYS_SEARCH_USER_PATHS = NO;
				ASSETCATALOG_COMPILER_GENERATE_SWIFT_ASSET_SYMBOL_EXTENSIONS = YES;
				CLANG_ANALYZER_NONNULL = YES;
				CLANG_ANALYZER_NUMBER_OBJECT_CONVERSION = YES_AGGRESSIVE;
				CLANG_CXX_LANGUAGE_STANDARD = "c++23";
				CLANG_ENABLE_MODULES = YES;
				CLANG_ENABLE_OBJC_ARC = YES;
				CLANG_ENABLE_OBJC_WEAK = YES;
				CLANG_WARN_BLOCK_CAPTURE_AUTORELEASING = YES;
				CLANG_WARN_BOOL_CONVERSION = YES;
				CLANG_WARN_COMMA = YES;
				CLANG_WARN_CONSTANT_CONVERSION = YES;
				CLANG_WARN_CXX0X_EXTENSIONS = YES;
				CLANG_WARN_DEPRECATED_OBJC_IMPLEMENTATIONS = YES;
				CLANG_WARN_DIRECT_OBJC_ISA_USAGE = YES_ERROR;
				CLANG_WARN_DOCUMENTATION_COMMENTS = YES;
				CLANG_WARN_EMPTY_BODY = YES;
				CLANG_WARN_ENUM_CONVERSION = YES;
				CLANG_WARN_INFINITE_RECURSION = YES;
				CLANG_WARN_INT_CONVERSION = YES;
				CLANG_WARN_NON_LITERAL_NULL_CONVERSION = YES;
				CLANG_WARN_OBJC_IMPLICIT_RETAIN_SELF = YES;
				CLANG_WARN_OBJC_LITERAL_CONVERSION = YES;
				CLANG_WARN_OBJC_ROOT_CLASS = YES_ERROR;
				CLANG_WARN_QUOTED_INCLUDE_IN_FRAMEWORK_HEADER = YES;
				CLANG_WARN_RANGE_LOOP_ANALYSIS = YES;
				CLANG_WARN_STRICT_PROTOTYPES = YES;
				CLANG_WARN_SUSPICIOUS_MOVE = YES;
				CLANG_WARN_UNGUARDED_AVAILABILITY = YES_AGGRESSIVE;
				CLANG_WARN_UNREACHABLE_CODE = YES;
				CLANG_WARN__DUPLICATE_METHOD_MATCH = YES;
				COPY_PHASE_STRIP = NO;
				DEBUG_INFORMATION_FORMAT = "dwarf-with-dsym";
				ENABLE_NS_ASSERTIONS = NO;
				ENABLE_STRICT_OBJC_MSGSEND = YES;
				ENABLE_USER_SCRIPT_SANDBOXING = YES;
				GCC_C_LANGUAGE_STANDARD = gnu17;
				GCC_NO_COMMON_BLOCKS = YES;
				GCC_WARN_64_TO_32_BIT_CONVERSION = YES;
				GCC_WARN_ABOUT_RETURN_TYPE = YES_ERROR;
				GCC_WARN_UNDECLARED_SELECTOR = YES;
				GCC_WARN_UNINITIALIZED_AUTOS = YES_AGGRESSIVE;
				GCC_WARN_UNUSED_FUNCTION = YES;
				GCC_WARN_UNUSED_VARIABLE = YES;
				LOCALIZATION_PREFERS_STRING_CATALOGS = YES;
				MACOSX_DEPLOYMENT_TARGET = 15.0;
				MTL_ENABLE_DEBUG_INFO = NO;
				MTL_FAST_MATH = YES;
				SDKROOT = macosx;
			};
			name = Release;
		};
		A486DA6B2CD8CA6D00BA6505 /* Debug */ = {
			isa = XCBuildConfiguration;
			buildSettings = {
				CLANG_ENABLE_MODULES = YES;
				CODE_SIGN_STYLE = Automatic;
				"HEADER_SEARCH_PATHS[arch=*]" = /Users/maximiliangabriel/Documents/GitHub/raylib/src;
				"LIBRARY_SEARCH_PATHS[arch=*]" = /Users/maximiliangabriel/Documents/GitHub/raylib/src;
				PRODUCT_NAME = "$(TARGET_NAME)";
				SWIFT_OPTIMIZATION_LEVEL = "-Onone";
				SWIFT_VERSION = 6.0;
				TAPI_LANGUAGE = "objective-c++";
			};
			name = Debug;
		};
		A486DA6C2CD8CA6D00BA6505 /* Release */ = {
			isa = XCBuildConfiguration;
			buildSettings = {
				CLANG_ENABLE_MODULES = YES;
				CODE_SIGN_STYLE = Automatic;
				"HEADER_SEARCH_PATHS[arch=*]" = /Users/maximiliangabriel/Documents/GitHub/raylib/src;
				"LIBRARY_SEARCH_PATHS[arch=*]" = /Users/maximiliangabriel/Documents/GitHub/raylib/src;
				PRODUCT_NAME = "$(TARGET_NAME)";
				SWIFT_VERSION = 6.0;
				TAPI_LANGUAGE = "objective-c++";
			};
			name = Release;
		};
/* End XCBuildConfiguration section */

/* Begin XCConfigurationList section */
		A486DA5E2CD8CA6D00BA6505 /* Build configuration list for PBXProject "ObjectiveTerriFried" */ = {
			isa = XCConfigurationList;
			buildConfigurations = (
				A486DA682CD8CA6D00BA6505 /* Debug */,
				A486DA692CD8CA6D00BA6505 /* Release */,
			);
			defaultConfigurationIsVisible = 0;
			defaultConfigurationName = Release;
		};
		A486DA6A2CD8CA6D00BA6505 /* Build configuration list for PBXNativeTarget "ObjectiveTerriFried" */ = {
			isa = XCConfigurationList;
			buildConfigurations = (
				A486DA6B2CD8CA6D00BA6505 /* Debug */,
				A486DA6C2CD8CA6D00BA6505 /* Release */,
			);
			defaultConfigurationIsVisible = 0;
			defaultConfigurationName = Release;
		};
/* End XCConfigurationList section */
	};
	rootObject = A486DA5B2CD8CA6D00BA6505 /* Project object */;
}
